
Microsoft Visual Studio Solution File, Format Version 12.00
# Visual Studio Version 17
VisualStudioVersion = 17.13.35931.197 d17.13
MinimumVisualStudioVersion = 10.0.40219.1
Project("{FAE04EC0-301F-11D3-BF4B-00C04F79EFBC}") = "TeamTaskManagement.Domain", "src\TeamTaskManagement.Domain\TeamTaskManagement.Domain.csproj", "{6C7E354C-C6E8-48EE-B9EC-17F996C51C00}"
EndProject
Project("{FAE04EC0-301F-11D3-BF4B-00C04F79EFBC}") = "TeamTaskManagement.Application", "src\TeamTaskManagement.Application\TeamTaskManagement.Application.csproj", "{A8475F66-2232-49BD-B0E2-AD9A1792853F}"
EndProject
Project("{FAE04EC0-301F-11D3-BF4B-00C04F79EFBC}") = "TeamTaskManagement.Infrastructure", "src\TeamTaskManagement.Infrastructure\TeamTaskManagement.Infrastructure.csproj", "{38A20E99-8503-4489-B00E-0524250B3B3B}"
EndProject
Project("{FAE04EC0-301F-11D3-BF4B-00C04F79EFBC}") = "TeamTaskManagement.API", "src\TeamTaskManagement.API\TeamTaskManagement.API.csproj", "{FADBD676-C2BC-4B64-B7A9-0EA22BE7ED7C}"
EndProject
Global
	GlobalSection(SolutionConfigurationPlatforms) = preSolution
		Debug|Any CPU = Debug|Any CPU
		Release|Any CPU = Release|Any CPU
	EndGlobalSection
	GlobalSection(ProjectConfigurationPlatforms) = postSolution
		{6C7E354C-C6E8-48EE-B9EC-17F996C51C00}.Debug|Any CPU.ActiveCfg = Debug|Any CPU
		{6C7E354C-C6E8-48EE-B9EC-17F996C51C00}.Debug|Any CPU.Build.0 = Debug|Any CPU
		{6C7E354C-C6E8-48EE-B9EC-17F996C51C00}.Release|Any CPU.ActiveCfg = Release|Any CPU
		{6C7E354C-C6E8-48EE-B9EC-17F996C51C00}.Release|Any CPU.Build.0 = Release|Any CPU
		{A8475F66-2232-49BD-B0E2-AD9A1792853F}.Debug|Any CPU.ActiveCfg = Debug|Any CPU
		{A8475F66-2232-49BD-B0E2-AD9A1792853F}.Debug|Any CPU.Build.0 = Debug|Any CPU
		{A8475F66-2232-49BD-B0E2-AD9A1792853F}.Release|Any CPU.ActiveCfg = Release|Any CPU
		{A8475F66-2232-49BD-B0E2-AD9A1792853F}.Release|Any CPU.Build.0 = Release|Any CPU
		{38A20E99-8503-4489-B00E-0524250B3B3B}.Debug|Any CPU.ActiveCfg = Debug|Any CPU
		{38A20E99-8503-4489-B00E-0524250B3B3B}.Debug|Any CPU.Build.0 = Debug|Any CPU
		{38A20E99-8503-4489-B00E-0524250B3B3B}.Release|Any CPU.ActiveCfg = Release|Any CPU
		{38A20E99-8503-4489-B00E-0524250B3B3B}.Release|Any CPU.Build.0 = Release|Any CPU
		{FADBD676-C2BC-4B64-B7A9-0EA22BE7ED7C}.Debug|Any CPU.ActiveCfg = Debug|Any CPU
		{FADBD676-C2BC-4B64-B7A9-0EA22BE7ED7C}.Debug|Any CPU.Build.0 = Debug|Any CPU
		{FADBD676-C2BC-4B64-B7A9-0EA22BE7ED7C}.Release|Any CPU.ActiveCfg = Release|Any CPU
		{FADBD676-C2BC-4B64-B7A9-0EA22BE7ED7C}.Release|Any CPU.Build.0 = Release|Any CPU
	EndGlobalSection
	GlobalSection(SolutionProperties) = preSolution
		HideSolutionNode = FALSE
	EndGlobalSection
	GlobalSection(ExtensibilityGlobals) = postSolution
		SolutionGuid = {DFB981E7-4F27-40E8-BD38-913252806683}
	EndGlobalSection
EndGlobal
